
Microsoft Visual Studio Solution File, Format Version 12.00
# Visual Studio Version 17
VisualStudioVersion = 17.1.32407.343
MinimumVisualStudioVersion = 10.0.40219.1
Project("{9A19103F-16F7-4668-BE54-9A1E7A4F7556}") = "Restaurant.Notification", "Restaurant.Notification\Restaurant.Notification.csproj", "{0ED1B121-24A3-4968-B983-EA07554FA4D4}"
EndProject
Project("{9A19103F-16F7-4668-BE54-9A1E7A4F7556}") = "Restaurant.Messages", "Restaurant.Messaging\Restaurant.Messages.csproj", "{F5F22810-6119-4536-8C84-00227EB1F79C}"
EndProject
Project("{9A19103F-16F7-4668-BE54-9A1E7A4F7556}") = "Restaurant.Booking", "Restaurant.Booking\Restaurant.Booking.csproj", "{B54CADF3-A7C4-44D1-A72F-CBE82CED9C02}"
EndProject
Project("{FAE04EC0-301F-11D3-BF4B-00C04F79EFBC}") = "Restaurant.Kitchen", "Restaurant.Kitchen\Restaurant.Kitchen.csproj", "{3B8A3479-785D-455D-90EA-48167A424D3D}"
EndProject
Global
	GlobalSection(SolutionConfigurationPlatforms) = preSolution
		Debug|Any CPU = Debug|Any CPU
		Release|Any CPU = Release|Any CPU
	EndGlobalSection
	GlobalSection(ProjectConfigurationPlatforms) = postSolution
		{0ED1B121-24A3-4968-B983-EA07554FA4D4}.Debug|Any CPU.ActiveCfg = Debug|Any CPU
		{0ED1B121-24A3-4968-B983-EA07554FA4D4}.Debug|Any CPU.Build.0 = Debug|Any CPU
		{0ED1B121-24A3-4968-B983-EA07554FA4D4}.Release|Any CPU.ActiveCfg = Release|Any CPU
		{0ED1B121-24A3-4968-B983-EA07554FA4D4}.Release|Any CPU.Build.0 = Release|Any CPU
		{F5F22810-6119-4536-8C84-00227EB1F79C}.Debug|Any CPU.ActiveCfg = Debug|Any CPU
		{F5F22810-6119-4536-8C84-00227EB1F79C}.Debug|Any CPU.Build.0 = Debug|Any CPU
		{F5F22810-6119-4536-8C84-00227EB1F79C}.Release|Any CPU.ActiveCfg = Release|Any CPU
		{F5F22810-6119-4536-8C84-00227EB1F79C}.Release|Any CPU.Build.0 = Release|Any CPU
		{B54CADF3-A7C4-44D1-A72F-CBE82CED9C02}.Debug|Any CPU.ActiveCfg = Debug|Any CPU
		{B54CADF3-A7C4-44D1-A72F-CBE82CED9C02}.Debug|Any CPU.Build.0 = Debug|Any CPU
		{B54CADF3-A7C4-44D1-A72F-CBE82CED9C02}.Release|Any CPU.ActiveCfg = Release|Any CPU
		{B54CADF3-A7C4-44D1-A72F-CBE82CED9C02}.Release|Any CPU.Build.0 = Release|Any CPU
		{3B8A3479-785D-455D-90EA-48167A424D3D}.Debug|Any CPU.ActiveCfg = Debug|Any CPU
		{3B8A3479-785D-455D-90EA-48167A424D3D}.Debug|Any CPU.Build.0 = Debug|Any CPU
		{3B8A3479-785D-455D-90EA-48167A424D3D}.Release|Any CPU.ActiveCfg = Release|Any CPU
		{3B8A3479-785D-455D-90EA-48167A424D3D}.Release|Any CPU.Build.0 = Release|Any CPU
	EndGlobalSection
	GlobalSection(SolutionProperties) = preSolution
		HideSolutionNode = FALSE
	EndGlobalSection
	GlobalSection(ExtensibilityGlobals) = postSolution
		SolutionGuid = {116C1FF7-8F7B-40BE-9588-4B5597C0C72D}
	EndGlobalSection
EndGlobal
